
Microsoft Visual Studio Solution File, Format Version 12.00
# Visual Studio Version 16
VisualStudioVersion = 16.0.30114.105
MinimumVisualStudioVersion = 10.0.40219.1
Project("{9A19103F-16F7-4668-BE54-9A1E7A4F7556}") = "FileShareSystem", "FileShareSystem.csproj", "{50845A4D-9749-4ADA-8912-F810EB41B01B}"
EndProject
Global
	GlobalSection(SolutionConfigurationPlatforms) = preSolution
		Debug|Any CPU = Debug|Any CPU
		Release|Any CPU = Release|Any CPU
	EndGlobalSection
	GlobalSection(ProjectConfigurationPlatforms) = postSolution
		{50845A4D-9749-4ADA-8912-F810EB41B01B}.Debug|Any CPU.ActiveCfg = Debug|Any CPU
		{50845A4D-9749-4ADA-8912-F810EB41B01B}.Debug|Any CPU.Build.0 = Debug|Any CPU
		{50845A4D-9749-4ADA-8912-F810EB41B01B}.Release|Any CPU.ActiveCfg = Release|Any CPU
		{50845A4D-9749-4ADA-8912-F810EB41B01B}.Release|Any CPU.Build.0 = Release|Any CPU
	EndGlobalSection
	GlobalSection(SolutionProperties) = preSolution
		HideSolutionNode = FALSE
	EndGlobalSection
	GlobalSection(ExtensibilityGlobals) = postSolution
		SolutionGuid = {B21EC839-14C5-4F2A-A4EC-1A50FA6D650D}
	EndGlobalSection
EndGlobal
